{
  "name": "abhinav-first-package",
  "version": "1.1.1",
  "lockfileVersion": 3,
  "requires": true,
  "packages": {
    "": {
      "name": "abhinav-first-package",
      "version": "1.1.1",
      "license": "ISC",
      "dependencies": {
        "abhinav-first-package": "^1.1.1"
      }
    },
    "node_modules/abhinav-first-package": {
      "version": "1.1.1",
      "resolved": "https://registry.npmjs.org/abhinav-first-package/-/abhinav-first-package-1.1.1.tgz",
      "integrity": "sha512-q4cdAd5LiYdZIArnHjSKMhcIuXrapHBoxrroTxQo9VLTOPWoYsHsK3iNeSdB1Qw9K4HhVV0H7Qaf1qJmannIpg=="
    }
  }
}
